
Microsoft Visual Studio Solution File, Format Version 12.00
# Visual Studio 15
VisualStudioVersion = 15.0.27703.2000
MinimumVisualStudioVersion = 10.0.40219.1
Project("{8BC9CEB8-8B4A-11D0-8D11-00A0C91BC942}") = "Project7", "Project7\Project7.vcxproj", "{BCF2F8B4-2954-43AF-B702-EDE3FAD75BA2}"
EndProject
Global
	GlobalSection(SolutionConfigurationPlatforms) = preSolution
		Debug|x64 = Debug|x64
		Debug|x86 = Debug|x86
		Release|x64 = Release|x64
		Release|x86 = Release|x86
	EndGlobalSection
	GlobalSection(ProjectConfigurationPlatforms) = postSolution
		{BCF2F8B4-2954-43AF-B702-EDE3FAD75BA2}.Debug|x64.ActiveCfg = Debug|x64
		{BCF2F8B4-2954-43AF-B702-EDE3FAD75BA2}.Debug|x64.Build.0 = Debug|x64
		{BCF2F8B4-2954-43AF-B702-EDE3FAD75BA2}.Debug|x86.ActiveCfg = Debug|Win32
		{BCF2F8B4-2954-43AF-B702-EDE3FAD75BA2}.Debug|x86.Build.0 = Debug|Win32
		{BCF2F8B4-2954-43AF-B702-EDE3FAD75BA2}.Release|x64.ActiveCfg = Release|x64
		{BCF2F8B4-2954-43AF-B702-EDE3FAD75BA2}.Release|x64.Build.0 = Release|x64
		{BCF2F8B4-2954-43AF-B702-EDE3FAD75BA2}.Release|x86.ActiveCfg = Release|Win32
		{BCF2F8B4-2954-43AF-B702-EDE3FAD75BA2}.Release|x86.Build.0 = Release|Win32
	EndGlobalSection
	GlobalSection(SolutionProperties) = preSolution
		HideSolutionNode = FALSE
	EndGlobalSection
	GlobalSection(ExtensibilityGlobals) = postSolution
		SolutionGuid = {FF6A2AC0-6C8C-4258-ABE4-51D5572354F8}
	EndGlobalSection
EndGlobal
